// !$*UTF8*$!
{
	archiveVersion = 1;
	classes = {
	};
	objectVersion = 46;
	objects = {

/* Begin PBXBuildFile section */
		4A0AD2CD12D2F9C2003F7217 /* UIKit.framework in Frameworks */ = {isa = PBXBuildFile; fileRef = 4A7F2F8812D2BE7C00B7764D /* UIKit.framework */; };
		4A0AD2CE12D2F9C3003F7217 /* Security.framework in Frameworks */ = {isa = PBXBuildFile; fileRef = 4ADB571012D1819D000C3FBD /* Security.framework */; };
		4A0AD2CF12D2F9C4003F7217 /* Foundation.framework in Frameworks */ = {isa = PBXBuildFile; fileRef = 4ADB570E12D1819D000C3FBD /* Foundation.framework */; };
		4A0AD2E012D2FA28003F7217 /* main.m in Sources */ = {isa = PBXBuildFile; fileRef = 4A0AD2DF12D2FA28003F7217 /* main.m */; };
		4A0AD2E412D2FA77003F7217 /* SGGimmeFoursquareDemo-Info.plist in Resources */ = {isa = PBXBuildFile; fileRef = 4A0AD2E312D2FA77003F7217 /* SGGimmeFoursquareDemo-Info.plist */; };
		4A0AD2E612D2FAA8003F7217 /* MainWindow.xib in Resources */ = {isa = PBXBuildFile; fileRef = 4A0AD2E512D2FAA8003F7217 /* MainWindow.xib */; };
		4A0AD2FF12D2FB1E003F7217 /* SGGimmeFoursquare.m in Sources */ = {isa = PBXBuildFile; fileRef = 4AB27B581195F59B0074BEA7 /* SGGimmeFoursquare.m */; };
		4A7F2F8912D2BE7C00B7764D /* UIKit.framework in Frameworks */ = {isa = PBXBuildFile; fileRef = 4A7F2F8812D2BE7C00B7764D /* UIKit.framework */; };
		4AA0668812DD601400D80B1A /* CoreLocation.framework in Frameworks */ = {isa = PBXBuildFile; fileRef = 4AA0668712DD601400D80B1A /* CoreLocation.framework */; };
		4AA7194112D835C5005EFC47 /* SGMainViewController.m in Sources */ = {isa = PBXBuildFile; fileRef = 4AA7194012D835C5005EFC47 /* SGMainViewController.m */; };
		4AA7195B12D8397F005EFC47 /* SGDemoAppDelegate.m in Sources */ = {isa = PBXBuildFile; fileRef = 4AA7195A12D8397F005EFC47 /* SGDemoAppDelegate.m */; };
		4AB27B591195F59B0074BEA7 /* SGGimmeFoursquare.h in Headers */ = {isa = PBXBuildFile; fileRef = 4AB27B571195F59B0074BEA7 /* SGGimmeFoursquare.h */; };
		4AB27B5A1195F59B0074BEA7 /* SGGimmeFoursquare.m in Sources */ = {isa = PBXBuildFile; fileRef = 4AB27B581195F59B0074BEA7 /* SGGimmeFoursquare.m */; };
		4AB3151F12E4057D007170A2 /* NSMutableURLRequest+NXOAuth2.m in Sources */ = {isa = PBXBuildFile; fileRef = 4AB314EC12E4057D007170A2 /* NSMutableURLRequest+NXOAuth2.m */; };
		4AB3152012E4057D007170A2 /* NSString+NXOAuth2.m in Sources */ = {isa = PBXBuildFile; fileRef = 4AB314EE12E4057D007170A2 /* NSString+NXOAuth2.m */; };
		4AB3152112E4057D007170A2 /* NSURL+NXOAuth2.m in Sources */ = {isa = PBXBuildFile; fileRef = 4AB314F012E4057D007170A2 /* NSURL+NXOAuth2.m */; };
		4AB3152212E4057D007170A2 /* NXOAuth2AccessToken.m in Sources */ = {isa = PBXBuildFile; fileRef = 4AB314F412E4057D007170A2 /* NXOAuth2AccessToken.m */; };
		4AB3152312E4057D007170A2 /* NXOAuth2Client.m in Sources */ = {isa = PBXBuildFile; fileRef = 4AB314F612E4057D007170A2 /* NXOAuth2Client.m */; };
		4AB3152412E4057D007170A2 /* NXOAuth2Connection.m in Sources */ = {isa = PBXBuildFile; fileRef = 4AB314FA12E4057D007170A2 /* NXOAuth2Connection.m */; };
		4AB3152512E4057D007170A2 /* NXOAuth2Constants.m in Sources */ = {isa = PBXBuildFile; fileRef = 4AB314FD12E4057D007170A2 /* NXOAuth2Constants.m */; };
		4AB3152612E4057D007170A2 /* NXOAuth2FileStreamWrapper.m in Sources */ = {isa = PBXBuildFile; fileRef = 4AB314FF12E4057D007170A2 /* NXOAuth2FileStreamWrapper.m */; };
		4AB3152712E4057D007170A2 /* NXOAuth2PostBodyPart.m in Sources */ = {isa = PBXBuildFile; fileRef = 4AB3150112E4057D007170A2 /* NXOAuth2PostBodyPart.m */; };
		4AB3152812E4057D007170A2 /* NXOAuth2PostBodyStream.m in Sources */ = {isa = PBXBuildFile; fileRef = 4AB3150312E4057D007170A2 /* NXOAuth2PostBodyStream.m */; };
		4AB3152912E4057D007170A2 /* NSMutableURLRequest+NXOAuth2.h in Headers */ = {isa = PBXBuildFile; fileRef = 4AB314EB12E4057D007170A2 /* NSMutableURLRequest+NXOAuth2.h */; };
		4AB3152A12E4057D007170A2 /* NSMutableURLRequest+NXOAuth2.m in Sources */ = {isa = PBXBuildFile; fileRef = 4AB314EC12E4057D007170A2 /* NSMutableURLRequest+NXOAuth2.m */; };
		4AB3152B12E4057D007170A2 /* NSString+NXOAuth2.h in Headers */ = {isa = PBXBuildFile; fileRef = 4AB314ED12E4057D007170A2 /* NSString+NXOAuth2.h */; };
		4AB3152C12E4057D007170A2 /* NSString+NXOAuth2.m in Sources */ = {isa = PBXBuildFile; fileRef = 4AB314EE12E4057D007170A2 /* NSString+NXOAuth2.m */; };
		4AB3152D12E4057D007170A2 /* NSURL+NXOAuth2.h in Headers */ = {isa = PBXBuildFile; fileRef = 4AB314EF12E4057D007170A2 /* NSURL+NXOAuth2.h */; };
		4AB3152E12E4057D007170A2 /* NSURL+NXOAuth2.m in Sources */ = {isa = PBXBuildFile; fileRef = 4AB314F012E4057D007170A2 /* NSURL+NXOAuth2.m */; };
		4AB3152F12E4057D007170A2 /* NXOAuth2.h in Headers */ = {isa = PBXBuildFile; fileRef = 4AB314F212E4057D007170A2 /* NXOAuth2.h */; };
		4AB3153012E4057D007170A2 /* NXOAuth2AccessToken.h in Headers */ = {isa = PBXBuildFile; fileRef = 4AB314F312E4057D007170A2 /* NXOAuth2AccessToken.h */; };
		4AB3153112E4057D007170A2 /* NXOAuth2AccessToken.m in Sources */ = {isa = PBXBuildFile; fileRef = 4AB314F412E4057D007170A2 /* NXOAuth2AccessToken.m */; };
		4AB3153212E4057D007170A2 /* NXOAuth2Client.h in Headers */ = {isa = PBXBuildFile; fileRef = 4AB314F512E4057D007170A2 /* NXOAuth2Client.h */; };
		4AB3153312E4057D007170A2 /* NXOAuth2Client.m in Sources */ = {isa = PBXBuildFile; fileRef = 4AB314F612E4057D007170A2 /* NXOAuth2Client.m */; };
		4AB3153412E4057D007170A2 /* NXOAuth2ClientAuthDelegate.h in Headers */ = {isa = PBXBuildFile; fileRef = 4AB314F712E4057D007170A2 /* NXOAuth2ClientAuthDelegate.h */; };
		4AB3153512E4057D007170A2 /* NXOAuth2ClientDelegate.h in Headers */ = {isa = PBXBuildFile; fileRef = 4AB314F812E4057D007170A2 /* NXOAuth2ClientDelegate.h */; };
		4AB3153612E4057D007170A2 /* NXOAuth2Connection.h in Headers */ = {isa = PBXBuildFile; fileRef = 4AB314F912E4057D007170A2 /* NXOAuth2Connection.h */; };
		4AB3153712E4057D007170A2 /* NXOAuth2Connection.m in Sources */ = {isa = PBXBuildFile; fileRef = 4AB314FA12E4057D007170A2 /* NXOAuth2Connection.m */; };
		4AB3153812E4057D007170A2 /* NXOAuth2ConnectionDelegate.h in Headers */ = {isa = PBXBuildFile; fileRef = 4AB314FB12E4057D007170A2 /* NXOAuth2ConnectionDelegate.h */; };
		4AB3153912E4057D007170A2 /* NXOAuth2Constants.h in Headers */ = {isa = PBXBuildFile; fileRef = 4AB314FC12E4057D007170A2 /* NXOAuth2Constants.h */; };
		4AB3153A12E4057D007170A2 /* NXOAuth2Constants.m in Sources */ = {isa = PBXBuildFile; fileRef = 4AB314FD12E4057D007170A2 /* NXOAuth2Constants.m */; };
		4AB3153B12E4057D007170A2 /* NXOAuth2FileStreamWrapper.h in Headers */ = {isa = PBXBuildFile; fileRef = 4AB314FE12E4057D007170A2 /* NXOAuth2FileStreamWrapper.h */; };
		4AB3153C12E4057D007170A2 /* NXOAuth2FileStreamWrapper.m in Sources */ = {isa = PBXBuildFile; fileRef = 4AB314FF12E4057D007170A2 /* NXOAuth2FileStreamWrapper.m */; };
		4AB3153D12E4057D007170A2 /* NXOAuth2PostBodyPart.h in Headers */ = {isa = PBXBuildFile; fileRef = 4AB3150012E4057D007170A2 /* NXOAuth2PostBodyPart.h */; };
		4AB3153E12E4057D007170A2 /* NXOAuth2PostBodyPart.m in Sources */ = {isa = PBXBuildFile; fileRef = 4AB3150112E4057D007170A2 /* NXOAuth2PostBodyPart.m */; };
		4AB3153F12E4057D007170A2 /* NXOAuth2PostBodyStream.h in Headers */ = {isa = PBXBuildFile; fileRef = 4AB3150212E4057D007170A2 /* NXOAuth2PostBodyStream.h */; };
		4AB3154012E4057D007170A2 /* NXOAuth2PostBodyStream.m in Sources */ = {isa = PBXBuildFile; fileRef = 4AB3150312E4057D007170A2 /* NXOAuth2PostBodyStream.m */; };
		4AB3154112E4057D007170A2 /* NXOAuth2PostBodyStreamMonitorDelegate.h in Headers */ = {isa = PBXBuildFile; fileRef = 4AB3150412E4057D007170A2 /* NXOAuth2PostBodyStreamMonitorDelegate.h */; };
		4AB3160312E41363007170A2 /* SGAuthorizeWebViewController.m in Sources */ = {isa = PBXBuildFile; fileRef = 4AB3160212E41363007170A2 /* SGAuthorizeWebViewController.m */; };
		4ADB570F12D1819D000C3FBD /* Foundation.framework in Frameworks */ = {isa = PBXBuildFile; fileRef = 4ADB570E12D1819D000C3FBD /* Foundation.framework */; };
		4ADB571112D1819D000C3FBD /* Security.framework in Frameworks */ = {isa = PBXBuildFile; fileRef = 4ADB571012D1819D000C3FBD /* Security.framework */; };
		4AED799811D6CAE800318263 /* SGGimmeFoursquare_Prefix.pch in Headers */ = {isa = PBXBuildFile; fileRef = 4AED799711D6CAE800318263 /* SGGimmeFoursquare_Prefix.pch */; };
/* End PBXBuildFile section */

/* Begin PBXFileReference section */
		4A0AD2AF12D2F89C003F7217 /* SGGimmeFoursquareDemo.app */ = {isa = PBXFileReference; explicitFileType = wrapper.application; includeInIndex = 0; path = SGGimmeFoursquareDemo.app; sourceTree = BUILT_PRODUCTS_DIR; };
		4A0AD2DF12D2FA28003F7217 /* main.m */ = {isa = PBXFileReference; fileEncoding = 4; lastKnownFileType = sourcecode.c.objc; path = main.m; sourceTree = "<group>"; };
		4A0AD2E312D2FA77003F7217 /* SGGimmeFoursquareDemo-Info.plist */ = {isa = PBXFileReference; fileEncoding = 4; lastKnownFileType = text.plist.xml; path = "SGGimmeFoursquareDemo-Info.plist"; sourceTree = "<group>"; };
		4A0AD2E512D2FAA8003F7217 /* MainWindow.xib */ = {isa = PBXFileReference; lastKnownFileType = file.xib; path = MainWindow.xib; sourceTree = "<group>"; };
		4A0AD30412D2FC74003F7217 /* SGGimmeFoursquareDemoApp_Prefix.pch */ = {isa = PBXFileReference; fileEncoding = 4; lastKnownFileType = sourcecode.c.h; path = SGGimmeFoursquareDemoApp_Prefix.pch; sourceTree = "<group>"; };
		4A7F2F8812D2BE7C00B7764D /* UIKit.framework */ = {isa = PBXFileReference; lastKnownFileType = wrapper.framework; name = UIKit.framework; path = System/Library/Frameworks/UIKit.framework; sourceTree = SDKROOT; };
		4AA0668712DD601400D80B1A /* CoreLocation.framework */ = {isa = PBXFileReference; lastKnownFileType = wrapper.framework; name = CoreLocation.framework; path = System/Library/Frameworks/CoreLocation.framework; sourceTree = SDKROOT; };
		4AA7193F12D835C5005EFC47 /* SGMainViewController.h */ = {isa = PBXFileReference; fileEncoding = 4; lastKnownFileType = sourcecode.c.h; path = SGMainViewController.h; sourceTree = "<group>"; };
		4AA7194012D835C5005EFC47 /* SGMainViewController.m */ = {isa = PBXFileReference; fileEncoding = 4; lastKnownFileType = sourcecode.c.objc; path = SGMainViewController.m; sourceTree = "<group>"; };
		4AA7195912D8397F005EFC47 /* SGDemoAppDelegate.h */ = {isa = PBXFileReference; fileEncoding = 4; lastKnownFileType = sourcecode.c.h; path = SGDemoAppDelegate.h; sourceTree = "<group>"; };
		4AA7195A12D8397F005EFC47 /* SGDemoAppDelegate.m */ = {isa = PBXFileReference; fileEncoding = 4; lastKnownFileType = sourcecode.c.objc; path = SGDemoAppDelegate.m; sourceTree = "<group>"; };
		4AB27B571195F59B0074BEA7 /* SGGimmeFoursquare.h */ = {isa = PBXFileReference; fileEncoding = 4; lastKnownFileType = sourcecode.c.h; path = SGGimmeFoursquare.h; sourceTree = "<group>"; };
		4AB27B581195F59B0074BEA7 /* SGGimmeFoursquare.m */ = {isa = PBXFileReference; fileEncoding = 4; lastKnownFileType = sourcecode.c.objc; path = SGGimmeFoursquare.m; sourceTree = "<group>"; };
		4AB27C5811961DD20074BEA7 /* README */ = {isa = PBXFileReference; fileEncoding = 4; lastKnownFileType = text; path = README; sourceTree = "<group>"; };
		4AB314EB12E4057D007170A2 /* NSMutableURLRequest+NXOAuth2.h */ = {isa = PBXFileReference; fileEncoding = 4; lastKnownFileType = sourcecode.c.h; path = "NSMutableURLRequest+NXOAuth2.h"; sourceTree = "<group>"; };
		4AB314EC12E4057D007170A2 /* NSMutableURLRequest+NXOAuth2.m */ = {isa = PBXFileReference; fileEncoding = 4; lastKnownFileType = sourcecode.c.objc; path = "NSMutableURLRequest+NXOAuth2.m"; sourceTree = "<group>"; };
		4AB314ED12E4057D007170A2 /* NSString+NXOAuth2.h */ = {isa = PBXFileReference; fileEncoding = 4; lastKnownFileType = sourcecode.c.h; path = "NSString+NXOAuth2.h"; sourceTree = "<group>"; };
		4AB314EE12E4057D007170A2 /* NSString+NXOAuth2.m */ = {isa = PBXFileReference; fileEncoding = 4; lastKnownFileType = sourcecode.c.objc; path = "NSString+NXOAuth2.m"; sourceTree = "<group>"; };
		4AB314EF12E4057D007170A2 /* NSURL+NXOAuth2.h */ = {isa = PBXFileReference; fileEncoding = 4; lastKnownFileType = sourcecode.c.h; path = "NSURL+NXOAuth2.h"; sourceTree = "<group>"; };
		4AB314F012E4057D007170A2 /* NSURL+NXOAuth2.m */ = {isa = PBXFileReference; fileEncoding = 4; lastKnownFileType = sourcecode.c.objc; path = "NSURL+NXOAuth2.m"; sourceTree = "<group>"; };
		4AB314F212E4057D007170A2 /* NXOAuth2.h */ = {isa = PBXFileReference; fileEncoding = 4; lastKnownFileType = sourcecode.c.h; path = NXOAuth2.h; sourceTree = "<group>"; };
		4AB314F312E4057D007170A2 /* NXOAuth2AccessToken.h */ = {isa = PBXFileReference; fileEncoding = 4; lastKnownFileType = sourcecode.c.h; path = NXOAuth2AccessToken.h; sourceTree = "<group>"; };
		4AB314F412E4057D007170A2 /* NXOAuth2AccessToken.m */ = {isa = PBXFileReference; fileEncoding = 4; lastKnownFileType = sourcecode.c.objc; path = NXOAuth2AccessToken.m; sourceTree = "<group>"; };
		4AB314F512E4057D007170A2 /* NXOAuth2Client.h */ = {isa = PBXFileReference; fileEncoding = 4; lastKnownFileType = sourcecode.c.h; path = NXOAuth2Client.h; sourceTree = "<group>"; };
		4AB314F612E4057D007170A2 /* NXOAuth2Client.m */ = {isa = PBXFileReference; fileEncoding = 4; lastKnownFileType = sourcecode.c.objc; path = NXOAuth2Client.m; sourceTree = "<group>"; };
		4AB314F712E4057D007170A2 /* NXOAuth2ClientAuthDelegate.h */ = {isa = PBXFileReference; fileEncoding = 4; lastKnownFileType = sourcecode.c.h; path = NXOAuth2ClientAuthDelegate.h; sourceTree = "<group>"; };
		4AB314F812E4057D007170A2 /* NXOAuth2ClientDelegate.h */ = {isa = PBXFileReference; fileEncoding = 4; lastKnownFileType = sourcecode.c.h; path = NXOAuth2ClientDelegate.h; sourceTree = "<group>"; };
		4AB314F912E4057D007170A2 /* NXOAuth2Connection.h */ = {isa = PBXFileReference; fileEncoding = 4; lastKnownFileType = sourcecode.c.h; path = NXOAuth2Connection.h; sourceTree = "<group>"; };
		4AB314FA12E4057D007170A2 /* NXOAuth2Connection.m */ = {isa = PBXFileReference; fileEncoding = 4; lastKnownFileType = sourcecode.c.objc; path = NXOAuth2Connection.m; sourceTree = "<group>"; };
		4AB314FB12E4057D007170A2 /* NXOAuth2ConnectionDelegate.h */ = {isa = PBXFileReference; fileEncoding = 4; lastKnownFileType = sourcecode.c.h; path = NXOAuth2ConnectionDelegate.h; sourceTree = "<group>"; };
		4AB314FC12E4057D007170A2 /* NXOAuth2Constants.h */ = {isa = PBXFileReference; fileEncoding = 4; lastKnownFileType = sourcecode.c.h; path = NXOAuth2Constants.h; sourceTree = "<group>"; };
		4AB314FD12E4057D007170A2 /* NXOAuth2Constants.m */ = {isa = PBXFileReference; fileEncoding = 4; lastKnownFileType = sourcecode.c.objc; path = NXOAuth2Constants.m; sourceTree = "<group>"; };
		4AB314FE12E4057D007170A2 /* NXOAuth2FileStreamWrapper.h */ = {isa = PBXFileReference; fileEncoding = 4; lastKnownFileType = sourcecode.c.h; path = NXOAuth2FileStreamWrapper.h; sourceTree = "<group>"; };
		4AB314FF12E4057D007170A2 /* NXOAuth2FileStreamWrapper.m */ = {isa = PBXFileReference; fileEncoding = 4; lastKnownFileType = sourcecode.c.objc; path = NXOAuth2FileStreamWrapper.m; sourceTree = "<group>"; };
		4AB3150012E4057D007170A2 /* NXOAuth2PostBodyPart.h */ = {isa = PBXFileReference; fileEncoding = 4; lastKnownFileType = sourcecode.c.h; path = NXOAuth2PostBodyPart.h; sourceTree = "<group>"; };
		4AB3150112E4057D007170A2 /* NXOAuth2PostBodyPart.m */ = {isa = PBXFileReference; fileEncoding = 4; lastKnownFileType = sourcecode.c.objc; path = NXOAuth2PostBodyPart.m; sourceTree = "<group>"; };
		4AB3150212E4057D007170A2 /* NXOAuth2PostBodyStream.h */ = {isa = PBXFileReference; fileEncoding = 4; lastKnownFileType = sourcecode.c.h; path = NXOAuth2PostBodyStream.h; sourceTree = "<group>"; };
		4AB3150312E4057D007170A2 /* NXOAuth2PostBodyStream.m */ = {isa = PBXFileReference; fileEncoding = 4; lastKnownFileType = sourcecode.c.objc; path = NXOAuth2PostBodyStream.m; sourceTree = "<group>"; };
		4AB3150412E4057D007170A2 /* NXOAuth2PostBodyStreamMonitorDelegate.h */ = {isa = PBXFileReference; fileEncoding = 4; lastKnownFileType = sourcecode.c.h; path = NXOAuth2PostBodyStreamMonitorDelegate.h; sourceTree = "<group>"; };
		4AB3160112E41363007170A2 /* SGAuthorizeWebViewController.h */ = {isa = PBXFileReference; fileEncoding = 4; lastKnownFileType = sourcecode.c.h; path = SGAuthorizeWebViewController.h; sourceTree = "<group>"; };
		4AB3160212E41363007170A2 /* SGAuthorizeWebViewController.m */ = {isa = PBXFileReference; fileEncoding = 4; lastKnownFileType = sourcecode.c.objc; path = SGAuthorizeWebViewController.m; sourceTree = "<group>"; };
		4ADB570E12D1819D000C3FBD /* Foundation.framework */ = {isa = PBXFileReference; lastKnownFileType = wrapper.framework; name = Foundation.framework; path = System/Library/Frameworks/Foundation.framework; sourceTree = SDKROOT; };
		4ADB571012D1819D000C3FBD /* Security.framework */ = {isa = PBXFileReference; lastKnownFileType = wrapper.framework; name = Security.framework; path = System/Library/Frameworks/Security.framework; sourceTree = SDKROOT; };
		4AED799711D6CAE800318263 /* SGGimmeFoursquare_Prefix.pch */ = {isa = PBXFileReference; fileEncoding = 4; lastKnownFileType = sourcecode.c.h; path = SGGimmeFoursquare_Prefix.pch; sourceTree = "<group>"; };
		D2AAC07E0554694100DB518D /* libSGGimmeFoursquare.a */ = {isa = PBXFileReference; explicitFileType = archive.ar; includeInIndex = 0; path = libSGGimmeFoursquare.a; sourceTree = BUILT_PRODUCTS_DIR; };
/* End PBXFileReference section */

/* Begin PBXFrameworksBuildPhase section */
		4A0AD2AD12D2F89C003F7217 /* Frameworks */ = {
			isa = PBXFrameworksBuildPhase;
			buildActionMask = 2147483647;
			files = (
				4A0AD2CD12D2F9C2003F7217 /* UIKit.framework in Frameworks */,
				4A0AD2CE12D2F9C3003F7217 /* Security.framework in Frameworks */,
				4A0AD2CF12D2F9C4003F7217 /* Foundation.framework in Frameworks */,
				4AA0668812DD601400D80B1A /* CoreLocation.framework in Frameworks */,
			);
			runOnlyForDeploymentPostprocessing = 0;
		};
		D2AAC07C0554694100DB518D /* Frameworks */ = {
			isa = PBXFrameworksBuildPhase;
			buildActionMask = 2147483647;
			files = (
				4ADB570F12D1819D000C3FBD /* Foundation.framework in Frameworks */,
				4ADB571112D1819D000C3FBD /* Security.framework in Frameworks */,
				4A7F2F8912D2BE7C00B7764D /* UIKit.framework in Frameworks */,
			);
			runOnlyForDeploymentPostprocessing = 0;
		};
/* End PBXFrameworksBuildPhase section */

/* Begin PBXGroup section */
		034768DFFF38A50411DB9C8B /* Products */ = {
			isa = PBXGroup;
			children = (
				D2AAC07E0554694100DB518D /* libSGGimmeFoursquare.a */,
				4A0AD2AF12D2F89C003F7217 /* SGGimmeFoursquareDemo.app */,
			);
			name = Products;
			sourceTree = "<group>";
		};
		0867D691FE84028FC02AAC07 /* GimmeFoursquare */ = {
			isa = PBXGroup;
			children = (
				4A0AD2AA12D2F876003F7217 /* DemoApp */,
				4AB27C5811961DD20074BEA7 /* README */,
				4AB27B851195F6E90074BEA7 /* Resources */,
				08FB77AEFE84172EC02AAC07 /* Classes */,
				32C88DFF0371C24200C91783 /* Other Sources */,
				0867D69AFE84028FC02AAC07 /* Frameworks */,
				034768DFFF38A50411DB9C8B /* Products */,
			);
			name = GimmeFoursquare;
			sourceTree = "<group>";
		};
		0867D69AFE84028FC02AAC07 /* Frameworks */ = {
			isa = PBXGroup;
			children = (
				4AA0668712DD601400D80B1A /* CoreLocation.framework */,
				4ADB570E12D1819D000C3FBD /* Foundation.framework */,
				4ADB571012D1819D000C3FBD /* Security.framework */,
				4A7F2F8812D2BE7C00B7764D /* UIKit.framework */,
			);
			name = Frameworks;
			sourceTree = "<group>";
		};
		08FB77AEFE84172EC02AAC07 /* Classes */ = {
			isa = PBXGroup;
			children = (
				4AB27B571195F59B0074BEA7 /* SGGimmeFoursquare.h */,
				4AB27B581195F59B0074BEA7 /* SGGimmeFoursquare.m */,
			);
			path = Classes;
			sourceTree = "<group>";
		};
		32C88DFF0371C24200C91783 /* Other Sources */ = {
			isa = PBXGroup;
			children = (
				4AED799711D6CAE800318263 /* SGGimmeFoursquare_Prefix.pch */,
			);
			name = "Other Sources";
			sourceTree = "<group>";
		};
		4A0AD2AA12D2F876003F7217 /* DemoApp */ = {
			isa = PBXGroup;
			children = (
				4AB3160112E41363007170A2 /* SGAuthorizeWebViewController.h */,
				4AB3160212E41363007170A2 /* SGAuthorizeWebViewController.m */,
				4AA7195912D8397F005EFC47 /* SGDemoAppDelegate.h */,
				4AA7195A12D8397F005EFC47 /* SGDemoAppDelegate.m */,
				4A0AD30412D2FC74003F7217 /* SGGimmeFoursquareDemoApp_Prefix.pch */,
				4A0AD2E512D2FAA8003F7217 /* MainWindow.xib */,
				4A0AD2E312D2FA77003F7217 /* SGGimmeFoursquareDemo-Info.plist */,
				4A0AD2DF12D2FA28003F7217 /* main.m */,
				4AA7193F12D835C5005EFC47 /* SGMainViewController.h */,
				4AA7194012D835C5005EFC47 /* SGMainViewController.m */,
			);
			path = DemoApp;
			sourceTree = "<group>";
		};
		4AB27B851195F6E90074BEA7 /* Resources */ = {
			isa = PBXGroup;
			children = (
				4AB27B861195F6E90074BEA7 /* 3rd-Party */,
			);
			path = Resources;
			sourceTree = "<group>";
		};
		4AB27B861195F6E90074BEA7 /* 3rd-Party */ = {
			isa = PBXGroup;
			children = (
				4AB314BE12E4057D007170A2 /* OAuth2Client */,
			);
			path = "3rd-Party";
			sourceTree = "<group>";
		};
		4AB314BE12E4057D007170A2 /* OAuth2Client */ = {
			isa = PBXGroup;
			children = (
				4AB314EA12E4057D007170A2 /* Sources */,
			);
			path = OAuth2Client;
			sourceTree = "<group>";
		};
		4AB314EA12E4057D007170A2 /* Sources */ = {
			isa = PBXGroup;
			children = (
				4AB314EB12E4057D007170A2 /* NSMutableURLRequest+NXOAuth2.h */,
				4AB314EC12E4057D007170A2 /* NSMutableURLRequest+NXOAuth2.m */,
				4AB314ED12E4057D007170A2 /* NSString+NXOAuth2.h */,
				4AB314EE12E4057D007170A2 /* NSString+NXOAuth2.m */,
				4AB314EF12E4057D007170A2 /* NSURL+NXOAuth2.h */,
				4AB314F012E4057D007170A2 /* NSURL+NXOAuth2.m */,
				4AB314F112E4057D007170A2 /* OAuth2Client */,
			);
			path = Sources;
			sourceTree = "<group>";
		};
		4AB314F112E4057D007170A2 /* OAuth2Client */ = {
			isa = PBXGroup;
			children = (
				4AB314F212E4057D007170A2 /* NXOAuth2.h */,
				4AB314F312E4057D007170A2 /* NXOAuth2AccessToken.h */,
				4AB314F412E4057D007170A2 /* NXOAuth2AccessToken.m */,
				4AB314F512E4057D007170A2 /* NXOAuth2Client.h */,
				4AB314F612E4057D007170A2 /* NXOAuth2Client.m */,
				4AB314F712E4057D007170A2 /* NXOAuth2ClientAuthDelegate.h */,
				4AB314F812E4057D007170A2 /* NXOAuth2ClientDelegate.h */,
				4AB314F912E4057D007170A2 /* NXOAuth2Connection.h */,
				4AB314FA12E4057D007170A2 /* NXOAuth2Connection.m */,
				4AB314FB12E4057D007170A2 /* NXOAuth2ConnectionDelegate.h */,
				4AB314FC12E4057D007170A2 /* NXOAuth2Constants.h */,
				4AB314FD12E4057D007170A2 /* NXOAuth2Constants.m */,
				4AB314FE12E4057D007170A2 /* NXOAuth2FileStreamWrapper.h */,
				4AB314FF12E4057D007170A2 /* NXOAuth2FileStreamWrapper.m */,
				4AB3150012E4057D007170A2 /* NXOAuth2PostBodyPart.h */,
				4AB3150112E4057D007170A2 /* NXOAuth2PostBodyPart.m */,
				4AB3150212E4057D007170A2 /* NXOAuth2PostBodyStream.h */,
				4AB3150312E4057D007170A2 /* NXOAuth2PostBodyStream.m */,
				4AB3150412E4057D007170A2 /* NXOAuth2PostBodyStreamMonitorDelegate.h */,
			);
			path = OAuth2Client;
			sourceTree = "<group>";
		};
/* End PBXGroup section */

/* Begin PBXHeadersBuildPhase section */
		D2AAC07A0554694100DB518D /* Headers */ = {
			isa = PBXHeadersBuildPhase;
			buildActionMask = 2147483647;
			files = (
				4AB27B591195F59B0074BEA7 /* SGGimmeFoursquare.h in Headers */,
				4AED799811D6CAE800318263 /* SGGimmeFoursquare_Prefix.pch in Headers */,
				4AB3152912E4057D007170A2 /* NSMutableURLRequest+NXOAuth2.h in Headers */,
				4AB3152B12E4057D007170A2 /* NSString+NXOAuth2.h in Headers */,
				4AB3152D12E4057D007170A2 /* NSURL+NXOAuth2.h in Headers */,
				4AB3152F12E4057D007170A2 /* NXOAuth2.h in Headers */,
				4AB3153012E4057D007170A2 /* NXOAuth2AccessToken.h in Headers */,
				4AB3153212E4057D007170A2 /* NXOAuth2Client.h in Headers */,
				4AB3153412E4057D007170A2 /* NXOAuth2ClientAuthDelegate.h in Headers */,
				4AB3153512E4057D007170A2 /* NXOAuth2ClientDelegate.h in Headers */,
				4AB3153612E4057D007170A2 /* NXOAuth2Connection.h in Headers */,
				4AB3153812E4057D007170A2 /* NXOAuth2ConnectionDelegate.h in Headers */,
				4AB3153912E4057D007170A2 /* NXOAuth2Constants.h in Headers */,
				4AB3153B12E4057D007170A2 /* NXOAuth2FileStreamWrapper.h in Headers */,
				4AB3153D12E4057D007170A2 /* NXOAuth2PostBodyPart.h in Headers */,
				4AB3153F12E4057D007170A2 /* NXOAuth2PostBodyStream.h in Headers */,
				4AB3154112E4057D007170A2 /* NXOAuth2PostBodyStreamMonitorDelegate.h in Headers */,
			);
			runOnlyForDeploymentPostprocessing = 0;
		};
/* End PBXHeadersBuildPhase section */

/* Begin PBXNativeTarget section */
		4A0AD2AE12D2F89C003F7217 /* SGGimmeFoursquareDemo */ = {
			isa = PBXNativeTarget;
			buildConfigurationList = 4A0AD2B412D2F89D003F7217 /* Build configuration list for PBXNativeTarget "SGGimmeFoursquareDemo" */;
			buildPhases = (
				4A0AD2AB12D2F89C003F7217 /* Resources */,
				4A0AD2AC12D2F89C003F7217 /* Sources */,
				4A0AD2AD12D2F89C003F7217 /* Frameworks */,
			);
			buildRules = (
			);
			dependencies = (
			);
			name = SGGimmeFoursquareDemo;
			productName = SGGimmeFoursquareDemo;
			productReference = 4A0AD2AF12D2F89C003F7217 /* SGGimmeFoursquareDemo.app */;
			productType = "com.apple.product-type.application";
		};
		D2AAC07D0554694100DB518D /* SGGimmeFoursquare */ = {
			isa = PBXNativeTarget;
			buildConfigurationList = 1DEB921E08733DC00010E9CD /* Build configuration list for PBXNativeTarget "SGGimmeFoursquare" */;
			buildPhases = (
				D2AAC07A0554694100DB518D /* Headers */,
				D2AAC07B0554694100DB518D /* Sources */,
				D2AAC07C0554694100DB518D /* Frameworks */,
			);
			buildRules = (
			);
			dependencies = (
			);
			name = SGGimmeFoursquare;
			productName = GimmeFoursquare;
			productReference = D2AAC07E0554694100DB518D /* libSGGimmeFoursquare.a */;
			productType = "com.apple.product-type.library.static";
		};
/* End PBXNativeTarget section */

/* Begin PBXProject section */
		0867D690FE84028FC02AAC07 /* Project object */ = {
			isa = PBXProject;
			attributes = {
				ORGANIZATIONNAME = Dsmitts;
			};
			buildConfigurationList = 1DEB922208733DC00010E9CD /* Build configuration list for PBXProject "SGGimmeFoursquare" */;
			compatibilityVersion = "Xcode 3.2";
			developmentRegion = English;
			hasScannedForEncodings = 1;
			knownRegions = (
				English,
				Japanese,
				French,
				German,
			);
			mainGroup = 0867D691FE84028FC02AAC07 /* GimmeFoursquare */;
			productRefGroup = 034768DFFF38A50411DB9C8B /* Products */;
			projectDirPath = "";
			projectRoot = "";
			targets = (
				D2AAC07D0554694100DB518D /* SGGimmeFoursquare */,
				4A0AD2AE12D2F89C003F7217 /* SGGimmeFoursquareDemo */,
			);
		};
/* End PBXProject section */

/* Begin PBXResourcesBuildPhase section */
		4A0AD2AB12D2F89C003F7217 /* Resources */ = {
			isa = PBXResourcesBuildPhase;
			buildActionMask = 2147483647;
			files = (
				4A0AD2E412D2FA77003F7217 /* SGGimmeFoursquareDemo-Info.plist in Resources */,
				4A0AD2E612D2FAA8003F7217 /* MainWindow.xib in Resources */,
			);
			runOnlyForDeploymentPostprocessing = 0;
		};
/* End PBXResourcesBuildPhase section */

/* Begin PBXSourcesBuildPhase section */
		4A0AD2AC12D2F89C003F7217 /* Sources */ = {
			isa = PBXSourcesBuildPhase;
			buildActionMask = 2147483647;
			files = (
				4A0AD2E012D2FA28003F7217 /* main.m in Sources */,
				4A0AD2FF12D2FB1E003F7217 /* SGGimmeFoursquare.m in Sources */,
				4AA7194112D835C5005EFC47 /* SGMainViewController.m in Sources */,
				4AA7195B12D8397F005EFC47 /* SGDemoAppDelegate.m in Sources */,
				4AB3151F12E4057D007170A2 /* NSMutableURLRequest+NXOAuth2.m in Sources */,
				4AB3152012E4057D007170A2 /* NSString+NXOAuth2.m in Sources */,
				4AB3152112E4057D007170A2 /* NSURL+NXOAuth2.m in Sources */,
				4AB3152212E4057D007170A2 /* NXOAuth2AccessToken.m in Sources */,
				4AB3152312E4057D007170A2 /* NXOAuth2Client.m in Sources */,
				4AB3152412E4057D007170A2 /* NXOAuth2Connection.m in Sources */,
				4AB3152512E4057D007170A2 /* NXOAuth2Constants.m in Sources */,
				4AB3152612E4057D007170A2 /* NXOAuth2FileStreamWrapper.m in Sources */,
				4AB3152712E4057D007170A2 /* NXOAuth2PostBodyPart.m in Sources */,
				4AB3152812E4057D007170A2 /* NXOAuth2PostBodyStream.m in Sources */,
				4AB3160312E41363007170A2 /* SGAuthorizeWebViewController.m in Sources */,
			);
			runOnlyForDeploymentPostprocessing = 0;
		};
		D2AAC07B0554694100DB518D /* Sources */ = {
			isa = PBXSourcesBuildPhase;
			buildActionMask = 2147483647;
			files = (
				4AB27B5A1195F59B0074BEA7 /* SGGimmeFoursquare.m in Sources */,
				4AB3152A12E4057D007170A2 /* NSMutableURLRequest+NXOAuth2.m in Sources */,
				4AB3152C12E4057D007170A2 /* NSString+NXOAuth2.m in Sources */,
				4AB3152E12E4057D007170A2 /* NSURL+NXOAuth2.m in Sources */,
				4AB3153112E4057D007170A2 /* NXOAuth2AccessToken.m in Sources */,
				4AB3153312E4057D007170A2 /* NXOAuth2Client.m in Sources */,
				4AB3153712E4057D007170A2 /* NXOAuth2Connection.m in Sources */,
				4AB3153A12E4057D007170A2 /* NXOAuth2Constants.m in Sources */,
				4AB3153C12E4057D007170A2 /* NXOAuth2FileStreamWrapper.m in Sources */,
				4AB3153E12E4057D007170A2 /* NXOAuth2PostBodyPart.m in Sources */,
				4AB3154012E4057D007170A2 /* NXOAuth2PostBodyStream.m in Sources */,
			);
			runOnlyForDeploymentPostprocessing = 0;
		};
/* End PBXSourcesBuildPhase section */

/* Begin XCBuildConfiguration section */
		1DEB921F08733DC00010E9CD /* Debug */ = {
			isa = XCBuildConfiguration;
			buildSettings = {
				ALWAYS_SEARCH_USER_PATHS = NO;
				ARCHS = "$(ARCHS_STANDARD_32_BIT)";
				COPY_PHASE_STRIP = NO;
				DSTROOT = /tmp/GimmeFoursquare.dst;
				GCC_DYNAMIC_NO_PIC = NO;
				GCC_ENABLE_FIX_AND_CONTINUE = YES;
				GCC_MODEL_TUNING = G5;
				GCC_OPTIMIZATION_LEVEL = 0;
				GCC_PRECOMPILE_PREFIX_HEADER = YES;
				GCC_PREFIX_HEADER = SGGimmeFoursquare_Prefix.pch;
				INSTALL_PATH = /usr/local/lib;
				PRODUCT_NAME = SGGimmeFoursquare;
				SDKROOT = iphoneos4.1;
			};
			name = Debug;
		};
		1DEB922008733DC00010E9CD /* Release */ = {
			isa = XCBuildConfiguration;
			buildSettings = {
				ALWAYS_SEARCH_USER_PATHS = NO;
				ARCHS = "$(ARCHS_STANDARD_32_BIT)";
				DSTROOT = /tmp/GimmeFoursquare.dst;
				FRAMEWORK_SEARCH_PATHS = (
					"$(inherited)",
					"\"$(SDKROOT)$(DEVELOPER_FRAMEWORKS_DIR)\"",
				);
				GCC_MODEL_TUNING = G5;
				GCC_PRECOMPILE_PREFIX_HEADER = YES;
				GCC_PREFIX_HEADER = SGGimmeFoursquare_Prefix.pch;
				INSTALL_PATH = /usr/local/lib;
				PRODUCT_NAME = SGGimmeFoursquare;
			};
			name = Release;
		};
		1DEB922308733DC00010E9CD /* Debug */ = {
			isa = XCBuildConfiguration;
			buildSettings = {
				ARCHS = "$(ARCHS_STANDARD_32_BIT)";
				GCC_C_LANGUAGE_STANDARD = c99;
				GCC_OPTIMIZATION_LEVEL = 0;
				GCC_WARN_ABOUT_RETURN_TYPE = YES;
				GCC_WARN_UNUSED_VARIABLE = YES;
				OTHER_LDFLAGS = "-ObjC";
				PREBINDING = NO;
				SDKROOT = iphoneos4.1;
			};
			name = Debug;
		};
		1DEB922408733DC00010E9CD /* Release */ = {
			isa = XCBuildConfiguration;
			buildSettings = {
				ARCHS = "$(ARCHS_STANDARD_32_BIT)";
				GCC_C_LANGUAGE_STANDARD = c99;
				GCC_WARN_ABOUT_RETURN_TYPE = YES;
				GCC_WARN_UNUSED_VARIABLE = YES;
				OTHER_LDFLAGS = "-ObjC";
				PREBINDING = NO;
				SDKROOT = iphoneos4.1;
			};
			name = Release;
		};
		4A0AD2B212D2F89D003F7217 /* Debug */ = {
			isa = XCBuildConfiguration;
			buildSettings = {
				ALWAYS_SEARCH_USER_PATHS = NO;
				CODE_SIGN_IDENTITY = "iPhone Developer";
				COPY_PHASE_STRIP = NO;
				GCC_DYNAMIC_NO_PIC = NO;
				GCC_OPTIMIZATION_LEVEL = 0;
				GCC_PRECOMPILE_PREFIX_HEADER = YES;
				GCC_PREFIX_HEADER = DemoApp/SGGimmeFoursquareDemoApp_Prefix.pch;
				HEADER_SEARCH_PATHS = "$SDKROOT/usr/include/libxml2/**";
				INFOPLIST_FILE = "DemoApp/SGGimmeFoursquareDemo-Info.plist";
				INSTALL_PATH = "$(HOME)/Applications";
				OTHER_LDFLAGS = (
					"-framework",
					Foundation,
					"-framework",
					UIKit,
				);
				PREBINDING = NO;
				PRODUCT_NAME = SGGimmeFoursquareDemo;
				SDKROOT = iphoneos4.1;
			};
			name = Debug;
		};
		4A0AD2B312D2F89D003F7217 /* Release */ = {
			isa = XCBuildConfiguration;
			buildSettings = {
				ALWAYS_SEARCH_USER_PATHS = NO;
				CODE_SIGN_IDENTITY = "iPhone Developer";
				COPY_PHASE_STRIP = YES;
				DEBUG_INFORMATION_FORMAT = "dwarf-with-dsym";
				GCC_ENABLE_FIX_AND_CONTINUE = NO;
				GCC_PRECOMPILE_PREFIX_HEADER = YES;
				GCC_PREFIX_HEADER = "$(SYSTEM_LIBRARY_DIR)/Frameworks/UIKit.framework/Headers/UIKit.h";
				INFOPLIST_FILE = "SGGimmeFoursquareDemo-Info.plist";
				INSTALL_PATH = "$(HOME)/Applications";
				OTHER_LDFLAGS = (
					"-framework",
					Foundation,
					"-framework",
					UIKit,
				);
				PREBINDING = NO;
				PRODUCT_NAME = SGGimmeFoursquareDemo;
				SDKROOT = iphoneos4.1;
				ZERO_LINK = NO;
			};
			name = Release;
		};
/* End XCBuildConfiguration section */

/* Begin XCConfigurationList section */
		1DEB921E08733DC00010E9CD /* Build configuration list for PBXNativeTarget "SGGimmeFoursquare" */ = {
			isa = XCConfigurationList;
			buildConfigurations = (
				1DEB921F08733DC00010E9CD /* Debug */,
				1DEB922008733DC00010E9CD /* Release */,
			);
			defaultConfigurationIsVisible = 0;
			defaultConfigurationName = Release;
		};
		1DEB922208733DC00010E9CD /* Build configuration list for PBXProject "SGGimmeFoursquare" */ = {
			isa = XCConfigurationList;
			buildConfigurations = (
				1DEB922308733DC00010E9CD /* Debug */,
				1DEB922408733DC00010E9CD /* Release */,
			);
			defaultConfigurationIsVisible = 0;
			defaultConfigurationName = Release;
		};
		4A0AD2B412D2F89D003F7217 /* Build configuration list for PBXNativeTarget "SGGimmeFoursquareDemo" */ = {
			isa = XCConfigurationList;
			buildConfigurations = (
				4A0AD2B212D2F89D003F7217 /* Debug */,
				4A0AD2B312D2F89D003F7217 /* Release */,
			);
			defaultConfigurationIsVisible = 0;
			defaultConfigurationName = Release;
		};
/* End XCConfigurationList section */
	};
	rootObject = 0867D690FE84028FC02AAC07 /* Project object */;
}
