// !$*UTF8*$!
{
	archiveVersion = 1;
	classes = {
	};
	objectVersion = 45;
	objects = {

/* Begin PBXBuildFile section */
		4AB27B591195F59B0074BEA7 /* SGGimmeFoursquare.h in Headers */ = {isa = PBXBuildFile; fileRef = 4AB27B571195F59B0074BEA7 /* SGGimmeFoursquare.h */; };
		4AB27B5A1195F59B0074BEA7 /* SGGimmeFoursquare.m in Sources */ = {isa = PBXBuildFile; fileRef = 4AB27B581195F59B0074BEA7 /* SGGimmeFoursquare.m */; };
		4AB27BB31195F6E90074BEA7 /* CDataScanner.h in Headers */ = {isa = PBXBuildFile; fileRef = 4AB27B961195F6E90074BEA7 /* CDataScanner.h */; };
		4AB27BB41195F6E90074BEA7 /* CDataScanner.m in Sources */ = {isa = PBXBuildFile; fileRef = 4AB27B971195F6E90074BEA7 /* CDataScanner.m */; };
		4AB27BB51195F6E90074BEA7 /* CDataScanner_Extensions.h in Headers */ = {isa = PBXBuildFile; fileRef = 4AB27B991195F6E90074BEA7 /* CDataScanner_Extensions.h */; };
		4AB27BB61195F6E90074BEA7 /* CDataScanner_Extensions.m in Sources */ = {isa = PBXBuildFile; fileRef = 4AB27B9A1195F6E90074BEA7 /* CDataScanner_Extensions.m */; };
		4AB27BB71195F6E90074BEA7 /* NSCharacterSet_Extensions.h in Headers */ = {isa = PBXBuildFile; fileRef = 4AB27B9B1195F6E90074BEA7 /* NSCharacterSet_Extensions.h */; };
		4AB27BB81195F6E90074BEA7 /* NSCharacterSet_Extensions.m in Sources */ = {isa = PBXBuildFile; fileRef = 4AB27B9C1195F6E90074BEA7 /* NSCharacterSet_Extensions.m */; };
		4AB27BB91195F6E90074BEA7 /* NSDictionary_JSONExtensions.h in Headers */ = {isa = PBXBuildFile; fileRef = 4AB27B9D1195F6E90074BEA7 /* NSDictionary_JSONExtensions.h */; };
		4AB27BBA1195F6E90074BEA7 /* NSDictionary_JSONExtensions.m in Sources */ = {isa = PBXBuildFile; fileRef = 4AB27B9E1195F6E90074BEA7 /* NSDictionary_JSONExtensions.m */; };
		4AB27BBB1195F6E90074BEA7 /* CJSONDeserializer.h in Headers */ = {isa = PBXBuildFile; fileRef = 4AB27BA01195F6E90074BEA7 /* CJSONDeserializer.h */; };
		4AB27BBC1195F6E90074BEA7 /* CJSONDeserializer.m in Sources */ = {isa = PBXBuildFile; fileRef = 4AB27BA11195F6E90074BEA7 /* CJSONDeserializer.m */; };
		4AB27BBD1195F6E90074BEA7 /* CJSONScanner.h in Headers */ = {isa = PBXBuildFile; fileRef = 4AB27BA21195F6E90074BEA7 /* CJSONScanner.h */; };
		4AB27BBE1195F6E90074BEA7 /* CJSONScanner.m in Sources */ = {isa = PBXBuildFile; fileRef = 4AB27BA31195F6E90074BEA7 /* CJSONScanner.m */; };
		4AB27BBF1195F6E90074BEA7 /* CJSONSerializer.h in Headers */ = {isa = PBXBuildFile; fileRef = 4AB27BA41195F6E90074BEA7 /* CJSONSerializer.h */; };
		4AB27BC01195F6E90074BEA7 /* CJSONSerializer.m in Sources */ = {isa = PBXBuildFile; fileRef = 4AB27BA51195F6E90074BEA7 /* CJSONSerializer.m */; };
		4AB27BCF1195F9060074BEA7 /* NSData+Base64.h in Headers */ = {isa = PBXBuildFile; fileRef = 4AB27BCD1195F9060074BEA7 /* NSData+Base64.h */; };
		4AB27BD01195F9060074BEA7 /* NSData+Base64.m in Sources */ = {isa = PBXBuildFile; fileRef = 4AB27BCE1195F9060074BEA7 /* NSData+Base64.m */; };
		4AB27BD51195F98A0074BEA7 /* TestGimmeFoursquare.h in Headers */ = {isa = PBXBuildFile; fileRef = 4AB27BD31195F98A0074BEA7 /* TestGimmeFoursquare.h */; };
		4AB27BD61195F98A0074BEA7 /* TestGimmeFoursquare.m in Sources */ = {isa = PBXBuildFile; fileRef = 4AB27BD41195F98A0074BEA7 /* TestGimmeFoursquare.m */; };
		4AB27C4811961C370074BEA7 /* SenTestingKit.framework in Frameworks */ = {isa = PBXBuildFile; fileRef = 4AB27C4711961C370074BEA7 /* SenTestingKit.framework */; };
		AA747D9F0F9514B9006C5449 /* GimmeFoursquare_Prefix.pch in Headers */ = {isa = PBXBuildFile; fileRef = AA747D9E0F9514B9006C5449 /* GimmeFoursquare_Prefix.pch */; };
		AACBBE4A0F95108600F1A2B1 /* Foundation.framework in Frameworks */ = {isa = PBXBuildFile; fileRef = AACBBE490F95108600F1A2B1 /* Foundation.framework */; };
/* End PBXBuildFile section */

/* Begin PBXFileReference section */
		4AB27B571195F59B0074BEA7 /* SGGimmeFoursquare.h */ = {isa = PBXFileReference; fileEncoding = 4; lastKnownFileType = sourcecode.c.h; path = SGGimmeFoursquare.h; sourceTree = "<group>"; };
		4AB27B581195F59B0074BEA7 /* SGGimmeFoursquare.m */ = {isa = PBXFileReference; fileEncoding = 4; lastKnownFileType = sourcecode.c.objc; path = SGGimmeFoursquare.m; sourceTree = "<group>"; };
		4AB27B961195F6E90074BEA7 /* CDataScanner.h */ = {isa = PBXFileReference; fileEncoding = 4; lastKnownFileType = sourcecode.c.h; path = CDataScanner.h; sourceTree = "<group>"; };
		4AB27B971195F6E90074BEA7 /* CDataScanner.m */ = {isa = PBXFileReference; fileEncoding = 4; lastKnownFileType = sourcecode.c.objc; path = CDataScanner.m; sourceTree = "<group>"; };
		4AB27B991195F6E90074BEA7 /* CDataScanner_Extensions.h */ = {isa = PBXFileReference; fileEncoding = 4; lastKnownFileType = sourcecode.c.h; path = CDataScanner_Extensions.h; sourceTree = "<group>"; };
		4AB27B9A1195F6E90074BEA7 /* CDataScanner_Extensions.m */ = {isa = PBXFileReference; fileEncoding = 4; lastKnownFileType = sourcecode.c.objc; path = CDataScanner_Extensions.m; sourceTree = "<group>"; };
		4AB27B9B1195F6E90074BEA7 /* NSCharacterSet_Extensions.h */ = {isa = PBXFileReference; fileEncoding = 4; lastKnownFileType = sourcecode.c.h; path = NSCharacterSet_Extensions.h; sourceTree = "<group>"; };
		4AB27B9C1195F6E90074BEA7 /* NSCharacterSet_Extensions.m */ = {isa = PBXFileReference; fileEncoding = 4; lastKnownFileType = sourcecode.c.objc; path = NSCharacterSet_Extensions.m; sourceTree = "<group>"; };
		4AB27B9D1195F6E90074BEA7 /* NSDictionary_JSONExtensions.h */ = {isa = PBXFileReference; fileEncoding = 4; lastKnownFileType = sourcecode.c.h; path = NSDictionary_JSONExtensions.h; sourceTree = "<group>"; };
		4AB27B9E1195F6E90074BEA7 /* NSDictionary_JSONExtensions.m */ = {isa = PBXFileReference; fileEncoding = 4; lastKnownFileType = sourcecode.c.objc; path = NSDictionary_JSONExtensions.m; sourceTree = "<group>"; };
		4AB27BA01195F6E90074BEA7 /* CJSONDeserializer.h */ = {isa = PBXFileReference; fileEncoding = 4; lastKnownFileType = sourcecode.c.h; path = CJSONDeserializer.h; sourceTree = "<group>"; };
		4AB27BA11195F6E90074BEA7 /* CJSONDeserializer.m */ = {isa = PBXFileReference; fileEncoding = 4; lastKnownFileType = sourcecode.c.objc; path = CJSONDeserializer.m; sourceTree = "<group>"; };
		4AB27BA21195F6E90074BEA7 /* CJSONScanner.h */ = {isa = PBXFileReference; fileEncoding = 4; lastKnownFileType = sourcecode.c.h; path = CJSONScanner.h; sourceTree = "<group>"; };
		4AB27BA31195F6E90074BEA7 /* CJSONScanner.m */ = {isa = PBXFileReference; fileEncoding = 4; lastKnownFileType = sourcecode.c.objc; path = CJSONScanner.m; sourceTree = "<group>"; };
		4AB27BA41195F6E90074BEA7 /* CJSONSerializer.h */ = {isa = PBXFileReference; fileEncoding = 4; lastKnownFileType = sourcecode.c.h; path = CJSONSerializer.h; sourceTree = "<group>"; };
		4AB27BA51195F6E90074BEA7 /* CJSONSerializer.m */ = {isa = PBXFileReference; fileEncoding = 4; lastKnownFileType = sourcecode.c.objc; path = CJSONSerializer.m; sourceTree = "<group>"; };
		4AB27BCD1195F9060074BEA7 /* NSData+Base64.h */ = {isa = PBXFileReference; fileEncoding = 4; lastKnownFileType = sourcecode.c.h; path = "NSData+Base64.h"; sourceTree = "<group>"; };
		4AB27BCE1195F9060074BEA7 /* NSData+Base64.m */ = {isa = PBXFileReference; fileEncoding = 4; lastKnownFileType = sourcecode.c.objc; path = "NSData+Base64.m"; sourceTree = "<group>"; };
		4AB27BD31195F98A0074BEA7 /* TestGimmeFoursquare.h */ = {isa = PBXFileReference; fileEncoding = 4; lastKnownFileType = sourcecode.c.h; path = TestGimmeFoursquare.h; sourceTree = "<group>"; };
		4AB27BD41195F98A0074BEA7 /* TestGimmeFoursquare.m */ = {isa = PBXFileReference; fileEncoding = 4; lastKnownFileType = sourcecode.c.objc; path = TestGimmeFoursquare.m; sourceTree = "<group>"; };
		4AB27C4711961C370074BEA7 /* SenTestingKit.framework */ = {isa = PBXFileReference; lastKnownFileType = wrapper.framework; name = SenTestingKit.framework; path = Developer/Library/Frameworks/SenTestingKit.framework; sourceTree = SDKROOT; };
		4AB27C5811961DD20074BEA7 /* README */ = {isa = PBXFileReference; fileEncoding = 4; lastKnownFileType = text; path = README; sourceTree = "<group>"; };
		AA747D9E0F9514B9006C5449 /* GimmeFoursquare_Prefix.pch */ = {isa = PBXFileReference; fileEncoding = 4; lastKnownFileType = sourcecode.c.h; path = GimmeFoursquare_Prefix.pch; sourceTree = SOURCE_ROOT; };
		AACBBE490F95108600F1A2B1 /* Foundation.framework */ = {isa = PBXFileReference; lastKnownFileType = wrapper.framework; name = Foundation.framework; path = System/Library/Frameworks/Foundation.framework; sourceTree = SDKROOT; };
		D2AAC07E0554694100DB518D /* libGimmeFoursquare.a */ = {isa = PBXFileReference; explicitFileType = archive.ar; includeInIndex = 0; path = libGimmeFoursquare.a; sourceTree = BUILT_PRODUCTS_DIR; };
/* End PBXFileReference section */

/* Begin PBXFrameworksBuildPhase section */
		D2AAC07C0554694100DB518D /* Frameworks */ = {
			isa = PBXFrameworksBuildPhase;
			buildActionMask = 2147483647;
			files = (
				AACBBE4A0F95108600F1A2B1 /* Foundation.framework in Frameworks */,
				4AB27C4811961C370074BEA7 /* SenTestingKit.framework in Frameworks */,
			);
			runOnlyForDeploymentPostprocessing = 0;
		};
/* End PBXFrameworksBuildPhase section */

/* Begin PBXGroup section */
		034768DFFF38A50411DB9C8B /* Products */ = {
			isa = PBXGroup;
			children = (
				D2AAC07E0554694100DB518D /* libGimmeFoursquare.a */,
			);
			name = Products;
			sourceTree = "<group>";
		};
		0867D691FE84028FC02AAC07 /* GimmeFoursquare */ = {
			isa = PBXGroup;
			children = (
				4AB27C5811961DD20074BEA7 /* README */,
				4AB27BD21195F97D0074BEA7 /* Tests */,
				4AB27B851195F6E90074BEA7 /* Resources */,
				08FB77AEFE84172EC02AAC07 /* Classes */,
				32C88DFF0371C24200C91783 /* Other Sources */,
				0867D69AFE84028FC02AAC07 /* Frameworks */,
				034768DFFF38A50411DB9C8B /* Products */,
			);
			name = GimmeFoursquare;
			sourceTree = "<group>";
		};
		0867D69AFE84028FC02AAC07 /* Frameworks */ = {
			isa = PBXGroup;
			children = (
				AACBBE490F95108600F1A2B1 /* Foundation.framework */,
				4AB27C4711961C370074BEA7 /* SenTestingKit.framework */,
			);
			name = Frameworks;
			sourceTree = "<group>";
		};
		08FB77AEFE84172EC02AAC07 /* Classes */ = {
			isa = PBXGroup;
			children = (
				4AB27B571195F59B0074BEA7 /* SGGimmeFoursquare.h */,
				4AB27B581195F59B0074BEA7 /* SGGimmeFoursquare.m */,
			);
			path = Classes;
			sourceTree = "<group>";
		};
		32C88DFF0371C24200C91783 /* Other Sources */ = {
			isa = PBXGroup;
			children = (
				AA747D9E0F9514B9006C5449 /* GimmeFoursquare_Prefix.pch */,
			);
			name = "Other Sources";
			sourceTree = "<group>";
		};
		4AB27B851195F6E90074BEA7 /* Resources */ = {
			isa = PBXGroup;
			children = (
				4AB27B861195F6E90074BEA7 /* 3rd-Party */,
			);
			path = Resources;
			sourceTree = "<group>";
		};
		4AB27B861195F6E90074BEA7 /* 3rd-Party */ = {
			isa = PBXGroup;
			children = (
				4AB27BCD1195F9060074BEA7 /* NSData+Base64.h */,
				4AB27BCE1195F9060074BEA7 /* NSData+Base64.m */,
				4AB27B951195F6E90074BEA7 /* TouchJSON */,
			);
			path = "3rd-Party";
			sourceTree = "<group>";
		};
		4AB27B951195F6E90074BEA7 /* TouchJSON */ = {
			isa = PBXGroup;
			children = (
				4AB27B961195F6E90074BEA7 /* CDataScanner.h */,
				4AB27B971195F6E90074BEA7 /* CDataScanner.m */,
				4AB27B981195F6E90074BEA7 /* Extensions */,
				4AB27B9F1195F6E90074BEA7 /* JSON */,
			);
			path = TouchJSON;
			sourceTree = "<group>";
		};
		4AB27B981195F6E90074BEA7 /* Extensions */ = {
			isa = PBXGroup;
			children = (
				4AB27B991195F6E90074BEA7 /* CDataScanner_Extensions.h */,
				4AB27B9A1195F6E90074BEA7 /* CDataScanner_Extensions.m */,
				4AB27B9B1195F6E90074BEA7 /* NSCharacterSet_Extensions.h */,
				4AB27B9C1195F6E90074BEA7 /* NSCharacterSet_Extensions.m */,
				4AB27B9D1195F6E90074BEA7 /* NSDictionary_JSONExtensions.h */,
				4AB27B9E1195F6E90074BEA7 /* NSDictionary_JSONExtensions.m */,
			);
			path = Extensions;
			sourceTree = "<group>";
		};
		4AB27B9F1195F6E90074BEA7 /* JSON */ = {
			isa = PBXGroup;
			children = (
				4AB27BA01195F6E90074BEA7 /* CJSONDeserializer.h */,
				4AB27BA11195F6E90074BEA7 /* CJSONDeserializer.m */,
				4AB27BA21195F6E90074BEA7 /* CJSONScanner.h */,
				4AB27BA31195F6E90074BEA7 /* CJSONScanner.m */,
				4AB27BA41195F6E90074BEA7 /* CJSONSerializer.h */,
				4AB27BA51195F6E90074BEA7 /* CJSONSerializer.m */,
			);
			path = JSON;
			sourceTree = "<group>";
		};
		4AB27BD21195F97D0074BEA7 /* Tests */ = {
			isa = PBXGroup;
			children = (
				4AB27BD31195F98A0074BEA7 /* TestGimmeFoursquare.h */,
				4AB27BD41195F98A0074BEA7 /* TestGimmeFoursquare.m */,
			);
			path = Tests;
			sourceTree = "<group>";
		};
/* End PBXGroup section */

/* Begin PBXHeadersBuildPhase section */
		D2AAC07A0554694100DB518D /* Headers */ = {
			isa = PBXHeadersBuildPhase;
			buildActionMask = 2147483647;
			files = (
				AA747D9F0F9514B9006C5449 /* GimmeFoursquare_Prefix.pch in Headers */,
				4AB27B591195F59B0074BEA7 /* SGGimmeFoursquare.h in Headers */,
				4AB27BB31195F6E90074BEA7 /* CDataScanner.h in Headers */,
				4AB27BB51195F6E90074BEA7 /* CDataScanner_Extensions.h in Headers */,
				4AB27BB71195F6E90074BEA7 /* NSCharacterSet_Extensions.h in Headers */,
				4AB27BB91195F6E90074BEA7 /* NSDictionary_JSONExtensions.h in Headers */,
				4AB27BBB1195F6E90074BEA7 /* CJSONDeserializer.h in Headers */,
				4AB27BBD1195F6E90074BEA7 /* CJSONScanner.h in Headers */,
				4AB27BBF1195F6E90074BEA7 /* CJSONSerializer.h in Headers */,
				4AB27BCF1195F9060074BEA7 /* NSData+Base64.h in Headers */,
				4AB27BD51195F98A0074BEA7 /* TestGimmeFoursquare.h in Headers */,
			);
			runOnlyForDeploymentPostprocessing = 0;
		};
/* End PBXHeadersBuildPhase section */

/* Begin PBXNativeTarget section */
		D2AAC07D0554694100DB518D /* GimmeFoursquare */ = {
			isa = PBXNativeTarget;
			buildConfigurationList = 1DEB921E08733DC00010E9CD /* Build configuration list for PBXNativeTarget "GimmeFoursquare" */;
			buildPhases = (
				D2AAC07A0554694100DB518D /* Headers */,
				D2AAC07B0554694100DB518D /* Sources */,
				D2AAC07C0554694100DB518D /* Frameworks */,
			);
			buildRules = (
			);
			dependencies = (
			);
			name = GimmeFoursquare;
			productName = GimmeFoursquare;
			productReference = D2AAC07E0554694100DB518D /* libGimmeFoursquare.a */;
			productType = "com.apple.product-type.library.static";
		};
/* End PBXNativeTarget section */

/* Begin PBXProject section */
		0867D690FE84028FC02AAC07 /* Project object */ = {
			isa = PBXProject;
			buildConfigurationList = 1DEB922208733DC00010E9CD /* Build configuration list for PBXProject "GimmeFoursquare" */;
			compatibilityVersion = "Xcode 3.1";
			hasScannedForEncodings = 1;
			mainGroup = 0867D691FE84028FC02AAC07 /* GimmeFoursquare */;
			productRefGroup = 034768DFFF38A50411DB9C8B /* Products */;
			projectDirPath = "";
			projectRoot = "";
			targets = (
				D2AAC07D0554694100DB518D /* GimmeFoursquare */,
			);
		};
/* End PBXProject section */

/* Begin PBXSourcesBuildPhase section */
		D2AAC07B0554694100DB518D /* Sources */ = {
			isa = PBXSourcesBuildPhase;
			buildActionMask = 2147483647;
			files = (
				4AB27B5A1195F59B0074BEA7 /* SGGimmeFoursquare.m in Sources */,
				4AB27BB41195F6E90074BEA7 /* CDataScanner.m in Sources */,
				4AB27BB61195F6E90074BEA7 /* CDataScanner_Extensions.m in Sources */,
				4AB27BB81195F6E90074BEA7 /* NSCharacterSet_Extensions.m in Sources */,
				4AB27BBA1195F6E90074BEA7 /* NSDictionary_JSONExtensions.m in Sources */,
				4AB27BBC1195F6E90074BEA7 /* CJSONDeserializer.m in Sources */,
				4AB27BBE1195F6E90074BEA7 /* CJSONScanner.m in Sources */,
				4AB27BC01195F6E90074BEA7 /* CJSONSerializer.m in Sources */,
				4AB27BD01195F9060074BEA7 /* NSData+Base64.m in Sources */,
				4AB27BD61195F98A0074BEA7 /* TestGimmeFoursquare.m in Sources */,
			);
			runOnlyForDeploymentPostprocessing = 0;
		};
/* End PBXSourcesBuildPhase section */

/* Begin XCBuildConfiguration section */
		1DEB921F08733DC00010E9CD /* Debug */ = {
			isa = XCBuildConfiguration;
			buildSettings = {
				ALWAYS_SEARCH_USER_PATHS = NO;
				ARCHS = "$(ARCHS_STANDARD_32_BIT)";
				COPY_PHASE_STRIP = NO;
				DSTROOT = /tmp/GimmeFoursquare.dst;
				FRAMEWORK_SEARCH_PATHS = (
					"$(inherited)",
					"\"$(SDKROOT)$(DEVELOPER_FRAMEWORKS_DIR)\"",
				);
				GCC_DYNAMIC_NO_PIC = NO;
				GCC_ENABLE_FIX_AND_CONTINUE = YES;
				GCC_MODEL_TUNING = G5;
				GCC_OPTIMIZATION_LEVEL = 0;
				GCC_PRECOMPILE_PREFIX_HEADER = YES;
				GCC_PREFIX_HEADER = GimmeFoursquare_Prefix.pch;
				INSTALL_PATH = /usr/local/lib;
				PRODUCT_NAME = GimmeFoursquare;
			};
			name = Debug;
		};
		1DEB922008733DC00010E9CD /* Release */ = {
			isa = XCBuildConfiguration;
			buildSettings = {
				ALWAYS_SEARCH_USER_PATHS = NO;
				ARCHS = "$(ARCHS_STANDARD_32_BIT)";
				DSTROOT = /tmp/GimmeFoursquare.dst;
				FRAMEWORK_SEARCH_PATHS = (
					"$(inherited)",
					"\"$(SDKROOT)$(DEVELOPER_FRAMEWORKS_DIR)\"",
				);
				GCC_MODEL_TUNING = G5;
				GCC_PRECOMPILE_PREFIX_HEADER = YES;
				GCC_PREFIX_HEADER = GimmeFoursquare_Prefix.pch;
				INSTALL_PATH = /usr/local/lib;
				PRODUCT_NAME = GimmeFoursquare;
			};
			name = Release;
		};
		1DEB922308733DC00010E9CD /* Debug */ = {
			isa = XCBuildConfiguration;
			buildSettings = {
				ARCHS = "$(ARCHS_STANDARD_32_BIT)";
				GCC_C_LANGUAGE_STANDARD = c99;
				GCC_OPTIMIZATION_LEVEL = 0;
				GCC_WARN_ABOUT_RETURN_TYPE = YES;
				GCC_WARN_UNUSED_VARIABLE = YES;
				OTHER_LDFLAGS = "-ObjC";
				PREBINDING = NO;
				SDKROOT = iphoneos4.0;
			};
			name = Debug;
		};
		1DEB922408733DC00010E9CD /* Release */ = {
			isa = XCBuildConfiguration;
			buildSettings = {
				ARCHS = "$(ARCHS_STANDARD_32_BIT)";
				GCC_C_LANGUAGE_STANDARD = c99;
				GCC_WARN_ABOUT_RETURN_TYPE = YES;
				GCC_WARN_UNUSED_VARIABLE = YES;
				OTHER_LDFLAGS = "-ObjC";
				PREBINDING = NO;
				SDKROOT = iphoneos4.0;
			};
			name = Release;
		};
/* End XCBuildConfiguration section */

/* Begin XCConfigurationList section */
		1DEB921E08733DC00010E9CD /* Build configuration list for PBXNativeTarget "GimmeFoursquare" */ = {
			isa = XCConfigurationList;
			buildConfigurations = (
				1DEB921F08733DC00010E9CD /* Debug */,
				1DEB922008733DC00010E9CD /* Release */,
			);
			defaultConfigurationIsVisible = 0;
			defaultConfigurationName = Release;
		};
		1DEB922208733DC00010E9CD /* Build configuration list for PBXProject "GimmeFoursquare" */ = {
			isa = XCConfigurationList;
			buildConfigurations = (
				1DEB922308733DC00010E9CD /* Debug */,
				1DEB922408733DC00010E9CD /* Release */,
			);
			defaultConfigurationIsVisible = 0;
			defaultConfigurationName = Release;
		};
/* End XCConfigurationList section */
	};
	rootObject = 0867D690FE84028FC02AAC07 /* Project object */;
}
